
Microsoft Visual Studio Solution File, Format Version 12.00
# Visual Studio Version 18
VisualStudioVersion = 18.1.11312.151 d18.0
MinimumVisualStudioVersion = 10.0.40219.1
Project("{FAE04EC0-301F-11D3-BF4B-00C04F79EFBC}") = "BookMarkClassification", "BookMarkClassification.csproj", "{B2ED6B96-0241-B7C7-D518-7C9055EA2568}"
EndProject
Global
	GlobalSection(SolutionConfigurationPlatforms) = preSolution
		Debug|Any CPU = Debug|Any CPU
		Release|Any CPU = Release|Any CPU
	EndGlobalSection
	GlobalSection(ProjectConfigurationPlatforms) = postSolution
		{B2ED6B96-0241-B7C7-D518-7C9055EA2568}.Debug|Any CPU.ActiveCfg = Debug|Any CPU
		{B2ED6B96-0241-B7C7-D518-7C9055EA2568}.Debug|Any CPU.Build.0 = Debug|Any CPU
		{B2ED6B96-0241-B7C7-D518-7C9055EA2568}.Release|Any CPU.ActiveCfg = Release|Any CPU
		{B2ED6B96-0241-B7C7-D518-7C9055EA2568}.Release|Any CPU.Build.0 = Release|Any CPU
	EndGlobalSection
	GlobalSection(SolutionProperties) = preSolution
		HideSolutionNode = FALSE
	EndGlobalSection
	GlobalSection(ExtensibilityGlobals) = postSolution
		SolutionGuid = {6728441E-CD40-4F47-9621-044BF224D68B}
	EndGlobalSection
EndGlobal
